schema: '2.0'
stages:
  process_data:
    cmd: python src/process_data.py
    deps:
    - path: data.csv
      hash: md5
      md5: 2c3cf1813f530ee9bd0cd5ef9c248456
      size: 50
    - path: src/process_data.py
      hash: md5
      md5: b997a53ca39e63941e8c77c203b30d97
      size: 369
    outs:
    - path: data/processed/processed_data.csv
      hash: md5
      md5: b942fb244d3ecd953f08778c39dd131d
      size: 50
  train_model:
    cmd: python src/train_model.py
    deps:
    - path: data/processed/processed_data.csv
      hash: md5
      md5: b942fb244d3ecd953f08778c39dd131d
      size: 50
    - path: src/train_model.py
      hash: md5
      md5: c2d732a134f09169275a632518d29e6c
      size: 447
    outs:
    - path: metrics.json
      hash: md5
      md5: 8345eeed27c838b2370863e373a8be2a
      size: 52
