schema: '2.0'
stages:
  process_data:
    cmd: python src/process_data.py
    deps:
    - path: data.csv
      hash: md5
      md5: 2c3cf1813f530ee9bd0cd5ef9c248456
      size: 50
    - path: src/process_data.py
      hash: md5
      md5: ec513c74013d1d03b848632aa3834d44
      size: 384
    outs:
    - path: data/processed/processed_data.csv
      hash: md5
      md5: b942fb244d3ecd953f08778c39dd131d
      size: 50
  train_model:
    cmd: python src/train_model.py
    deps:
    - path: data/processed/processed_data.csv
      hash: md5
      md5: b942fb244d3ecd953f08778c39dd131d
      size: 50
    - path: src/train_model.py
      hash: md5
      md5: 5495ae0a39ba36a91be4b9342459f9f7
      size: 386
    outs:
    - path: metrics.json
      hash: md5
      md5: 3c077991c53659772b5169a6eb361a9a
      size: 20
