schema: '2.0'
stages:
  process_data:
    cmd: python src/process_data.py
    deps:
    - path: data/raw/data.csv
      hash: md5
      md5: 821003aedbc5aa00876c834e1175a954
      size: 864
    - path: src/process_data.py
      hash: md5
      md5: 093dd072230bb7d379e97aaa0491f217
      size: 1947
    outs:
    - path: data/processed/processed_data.csv
      hash: md5
      md5: 13153d50079696a443946501e47fe257
      size: 867
  train_model:
    cmd: python src/train_model.py
    deps:
    - path: data/processed/processed_data.csv
      hash: md5
      md5: 13153d50079696a443946501e47fe257
      size: 867
    - path: src/train_model.py
      hash: md5
      md5: a1bef051ebc358ba352abcbe8f740773
      size: 1956
    outs:
    - path: metrics.json
      hash: md5
      md5: 7dbd38a38cc5fa5b4cc0ad7a15ef29d0
      size: 74
  eda:
    cmd: python src/eda.py
    deps:
    - path: data/raw/data.csv
      hash: md5
      md5: 821003aedbc5aa00876c834e1175a954
      size: 864
    - path: src/eda.py
      hash: md5
      md5: acaaa50658cc8b541ff2540e1d8c956f
      size: 2934
    outs:
    - path: reports/figures
      hash: md5
      md5: db96615bead7c9a378f274979beac3d5.dir
      size: 98303
      nfiles: 4
